
Microsoft Visual Studio Solution File, Format Version 12.00
# Visual Studio Version 17
VisualStudioVersion = 17.8.34309.116
MinimumVisualStudioVersion = 10.0.40219.1
Project("{9A19103F-16F7-4668-BE54-9A1E7A4F7556}") = "Morpheus", "睡神BRD1-50\Morpheus.csproj", "{540BC11A-A37A-4467-B779-203C9E0D691E}"
EndProject
Project("{2150E333-8FDC-42A3-9474-1A3956D46DE8}") = "Solution Items", "Solution Items", "{BD3DD57C-4B15-4F48-A546-4DAF7F8403E0}"
	ProjectSection(SolutionItems) = preProject
		.editorconfig = .editorconfig
	EndProjectSection
EndProject
Global
	GlobalSection(SolutionConfigurationPlatforms) = preSolution
		Debug|Any CPU = Debug|Any CPU
		Release|Any CPU = Release|Any CPU
	EndGlobalSection
	GlobalSection(ProjectConfigurationPlatforms) = postSolution
		{540BC11A-A37A-4467-B779-203C9E0D691E}.Debug|Any CPU.ActiveCfg = Debug|Any CPU
		{540BC11A-A37A-4467-B779-203C9E0D691E}.Debug|Any CPU.Build.0 = Debug|Any CPU
		{540BC11A-A37A-4467-B779-203C9E0D691E}.Release|Any CPU.ActiveCfg = Release|Any CPU
		{540BC11A-A37A-4467-B779-203C9E0D691E}.Release|Any CPU.Build.0 = Release|Any CPU
	EndGlobalSection
	GlobalSection(SolutionProperties) = preSolution
		HideSolutionNode = FALSE
	EndGlobalSection
	GlobalSection(ExtensibilityGlobals) = postSolution
		SolutionGuid = {75CF2884-9E82-4A0E-B638-3AA4E1B96C92}
	EndGlobalSection
EndGlobal
